// !$*UTF8*$!
{
	archiveVersion = 1;
	classes = {
	};
	objectVersion = 46;
	objects = {

/* Begin PBXBuildFile section */
		8404D85D1AAFAC5300EEE085 /* UploadVideoViewController.swift in Sources */ = {isa = PBXBuildFile; fileRef = 8404D85C1AAFAC5300EEE085 /* UploadVideoViewController.swift */; };
		8404D85F1AAFBAFB00EEE085 /* Fountain.mp4 in Resources */ = {isa = PBXBuildFile; fileRef = 8404D85E1AAFBAFB00EEE085 /* Fountain.mp4 */; };
		8404D8611AB0E45700EEE085 /* MainGameViewController.swift in Sources */ = {isa = PBXBuildFile; fileRef = 8404D8601AB0E45700EEE085 /* MainGameViewController.swift */; };
		84577E5E1AB20ED800F0C2E0 /* TimerView.swift in Sources */ = {isa = PBXBuildFile; fileRef = 84577E5D1AB20ED800F0C2E0 /* TimerView.swift */; };
		84577E601AB2166E00F0C2E0 /* Main.storyboard in Resources */ = {isa = PBXBuildFile; fileRef = 84577E5F1AB2166E00F0C2E0 /* Main.storyboard */; };
		D94572FA1AAA57D10020403B /* StartupViewController.swift in Sources */ = {isa = PBXBuildFile; fileRef = D94572F91AAA57D10020403B /* StartupViewController.swift */; };
		D95E72FA1AA978AF00DA1771 /* AppDelegate.swift in Sources */ = {isa = PBXBuildFile; fileRef = D95E72F91AA978AF00DA1771 /* AppDelegate.swift */; };
		D95E72FC1AA978AF00DA1771 /* FirstViewController.swift in Sources */ = {isa = PBXBuildFile; fileRef = D95E72FB1AA978AF00DA1771 /* FirstViewController.swift */; };
		D95E72FE1AA978AF00DA1771 /* SecondViewController.swift in Sources */ = {isa = PBXBuildFile; fileRef = D95E72FD1AA978AF00DA1771 /* SecondViewController.swift */; };
		D95E73011AA978AF00DA1771 /* Vine.storyboard in Resources */ = {isa = PBXBuildFile; fileRef = D95E72FF1AA978AF00DA1771 /* Vine.storyboard */; };
		D95E73031AA978AF00DA1771 /* Images.xcassets in Resources */ = {isa = PBXBuildFile; fileRef = D95E73021AA978AF00DA1771 /* Images.xcassets */; };
		D95E73121AA978AF00DA1771 /* VineCacheTests.swift in Sources */ = {isa = PBXBuildFile; fileRef = D95E73111AA978AF00DA1771 /* VineCacheTests.swift */; };
		D9759A1A1AB181E400CD2668 /* ParseLibrary.swift in Sources */ = {isa = PBXBuildFile; fileRef = D9759A191AB181E400CD2668 /* ParseLibrary.swift */; };
		D9759A1C1AB182B000CD2668 /* Bolts.framework in Frameworks */ = {isa = PBXBuildFile; fileRef = D9759A1B1AB182B000CD2668 /* Bolts.framework */; };
		D9759A1E1AB185F100CD2668 /* Parse.framework in Frameworks */ = {isa = PBXBuildFile; fileRef = D9759A1D1AB185F100CD2668 /* Parse.framework */; };
		D9759A211AB1862D00CD2668 /* FacebookSDK.framework in Frameworks */ = {isa = PBXBuildFile; fileRef = D9759A1F1AB1862D00CD2668 /* FacebookSDK.framework */; };
		D9759A221AB1862D00CD2668 /* FBAudienceNetwork.framework in Frameworks */ = {isa = PBXBuildFile; fileRef = D9759A201AB1862D00CD2668 /* FBAudienceNetwork.framework */; };
		D9B977C51AB17BE50032B652 /* AudioToolbox.framework in Frameworks */ = {isa = PBXBuildFile; fileRef = D9B9779A1AB17B810032B652 /* AudioToolbox.framework */; };
		D9B977C61AB17BE50032B652 /* CFNetwork.framework in Frameworks */ = {isa = PBXBuildFile; fileRef = D9B9779B1AB17B810032B652 /* CFNetwork.framework */; };
		D9B977C71AB17BE50032B652 /* CoreGraphics.framework in Frameworks */ = {isa = PBXBuildFile; fileRef = D9B9779C1AB17B810032B652 /* CoreGraphics.framework */; };
		D9B977C81AB17BE50032B652 /* CoreLocation.framework in Frameworks */ = {isa = PBXBuildFile; fileRef = D9B9779D1AB17B810032B652 /* CoreLocation.framework */; };
		D9B977C91AB17BE50032B652 /* libsqlite3.dylib in Frameworks */ = {isa = PBXBuildFile; fileRef = D9B9779E1AB17B810032B652 /* libsqlite3.dylib */; };
		D9B977CA1AB17BE50032B652 /* libz.dylib in Frameworks */ = {isa = PBXBuildFile; fileRef = D9B9779F1AB17B810032B652 /* libz.dylib */; };
		D9B977CB1AB17BE50032B652 /* MobileCoreServices.framework in Frameworks */ = {isa = PBXBuildFile; fileRef = D9B977A01AB17B810032B652 /* MobileCoreServices.framework */; };
		D9B977CC1AB17BE50032B652 /* QuartzCore.framework in Frameworks */ = {isa = PBXBuildFile; fileRef = D9B977A11AB17B810032B652 /* QuartzCore.framework */; };
		D9B977CD1AB17BE50032B652 /* Security.framework in Frameworks */ = {isa = PBXBuildFile; fileRef = D9B977A21AB17B810032B652 /* Security.framework */; };
		D9B977CE1AB17BE50032B652 /* StoreKit.framework in Frameworks */ = {isa = PBXBuildFile; fileRef = D9B977A31AB17B810032B652 /* StoreKit.framework */; };
		D9B977CF1AB17BE50032B652 /* SystemConfiguration.framework in Frameworks */ = {isa = PBXBuildFile; fileRef = D9B977A41AB17B810032B652 /* SystemConfiguration.framework */; };
/* End PBXBuildFile section */

/* Begin PBXContainerItemProxy section */
		D95E730C1AA978AF00DA1771 /* PBXContainerItemProxy */ = {
			isa = PBXContainerItemProxy;
			containerPortal = D95E72EC1AA978AF00DA1771 /* Project object */;
			proxyType = 1;
			remoteGlobalIDString = D95E72F31AA978AF00DA1771;
			remoteInfo = VineCache;
		};
/* End PBXContainerItemProxy section */

/* Begin PBXFileReference section */
		8404D85C1AAFAC5300EEE085 /* UploadVideoViewController.swift */ = {isa = PBXFileReference; fileEncoding = 4; lastKnownFileType = sourcecode.swift; path = UploadVideoViewController.swift; sourceTree = "<group>"; };
		8404D85E1AAFBAFB00EEE085 /* Fountain.mp4 */ = {isa = PBXFileReference; lastKnownFileType = file; path = Fountain.mp4; sourceTree = "<group>"; };
		8404D8601AB0E45700EEE085 /* MainGameViewController.swift */ = {isa = PBXFileReference; fileEncoding = 4; lastKnownFileType = sourcecode.swift; path = MainGameViewController.swift; sourceTree = "<group>"; };
		8404D8621AB0F83C00EEE085 /* VineCache.entitlements */ = {isa = PBXFileReference; lastKnownFileType = text.xml; path = VineCache.entitlements; sourceTree = "<group>"; };
		84577E5D1AB20ED800F0C2E0 /* TimerView.swift */ = {isa = PBXFileReference; fileEncoding = 4; lastKnownFileType = sourcecode.swift; path = TimerView.swift; sourceTree = "<group>"; };
		84577E5F1AB2166E00F0C2E0 /* Main.storyboard */ = {isa = PBXFileReference; fileEncoding = 4; lastKnownFileType = file.storyboard; path = Main.storyboard; sourceTree = "<group>"; };
		D94572F91AAA57D10020403B /* StartupViewController.swift */ = {isa = PBXFileReference; fileEncoding = 4; lastKnownFileType = sourcecode.swift; path = StartupViewController.swift; sourceTree = "<group>"; };
		D95E72F41AA978AF00DA1771 /* VineCache.app */ = {isa = PBXFileReference; explicitFileType = wrapper.application; includeInIndex = 0; path = VineCache.app; sourceTree = BUILT_PRODUCTS_DIR; };
		D95E72F81AA978AF00DA1771 /* Info.plist */ = {isa = PBXFileReference; lastKnownFileType = text.plist.xml; path = Info.plist; sourceTree = "<group>"; };
		D95E72F91AA978AF00DA1771 /* AppDelegate.swift */ = {isa = PBXFileReference; lastKnownFileType = sourcecode.swift; path = AppDelegate.swift; sourceTree = "<group>"; };
		D95E72FB1AA978AF00DA1771 /* FirstViewController.swift */ = {isa = PBXFileReference; lastKnownFileType = sourcecode.swift; path = FirstViewController.swift; sourceTree = "<group>"; };
		D95E72FD1AA978AF00DA1771 /* SecondViewController.swift */ = {isa = PBXFileReference; lastKnownFileType = sourcecode.swift; path = SecondViewController.swift; sourceTree = "<group>"; };
		D95E73001AA978AF00DA1771 /* Base */ = {isa = PBXFileReference; lastKnownFileType = file.storyboard; name = Base; path = Base.lproj/Vine.storyboard; sourceTree = "<group>"; };
		D95E73021AA978AF00DA1771 /* Images.xcassets */ = {isa = PBXFileReference; lastKnownFileType = folder.assetcatalog; path = Images.xcassets; sourceTree = "<group>"; };
		D95E730B1AA978AF00DA1771 /* VineCacheTests.xctest */ = {isa = PBXFileReference; explicitFileType = wrapper.cfbundle; includeInIndex = 0; path = VineCacheTests.xctest; sourceTree = BUILT_PRODUCTS_DIR; };
		D95E73101AA978AF00DA1771 /* Info.plist */ = {isa = PBXFileReference; lastKnownFileType = text.plist.xml; path = Info.plist; sourceTree = "<group>"; };
		D95E73111AA978AF00DA1771 /* VineCacheTests.swift */ = {isa = PBXFileReference; lastKnownFileType = sourcecode.swift; path = VineCacheTests.swift; sourceTree = "<group>"; };
		D9759A191AB181E400CD2668 /* ParseLibrary.swift */ = {isa = PBXFileReference; fileEncoding = 4; lastKnownFileType = sourcecode.swift; path = ParseLibrary.swift; sourceTree = "<group>"; };
		D9759A1B1AB182B000CD2668 /* Bolts.framework */ = {isa = PBXFileReference; lastKnownFileType = wrapper.framework; name = Bolts.framework; path = Frameworks/Bolts.framework; sourceTree = "<group>"; };
		D9759A1D1AB185F100CD2668 /* Parse.framework */ = {isa = PBXFileReference; lastKnownFileType = wrapper.framework; name = Parse.framework; path = Frameworks/Parse.framework; sourceTree = "<group>"; };
		D9759A1F1AB1862D00CD2668 /* FacebookSDK.framework */ = {isa = PBXFileReference; lastKnownFileType = wrapper.framework; name = FacebookSDK.framework; path = Frameworks/FacebookSDK.framework; sourceTree = "<group>"; };
		D9759A201AB1862D00CD2668 /* FBAudienceNetwork.framework */ = {isa = PBXFileReference; lastKnownFileType = wrapper.framework; name = FBAudienceNetwork.framework; path = Frameworks/FBAudienceNetwork.framework; sourceTree = "<group>"; };
		D9B9779A1AB17B810032B652 /* AudioToolbox.framework */ = {isa = PBXFileReference; lastKnownFileType = wrapper.framework; name = AudioToolbox.framework; path = System/Library/Frameworks/AudioToolbox.framework; sourceTree = SDKROOT; };
		D9B9779B1AB17B810032B652 /* CFNetwork.framework */ = {isa = PBXFileReference; lastKnownFileType = wrapper.framework; name = CFNetwork.framework; path = System/Library/Frameworks/CFNetwork.framework; sourceTree = SDKROOT; };
		D9B9779C1AB17B810032B652 /* CoreGraphics.framework */ = {isa = PBXFileReference; lastKnownFileType = wrapper.framework; name = CoreGraphics.framework; path = System/Library/Frameworks/CoreGraphics.framework; sourceTree = SDKROOT; };
		D9B9779D1AB17B810032B652 /* CoreLocation.framework */ = {isa = PBXFileReference; lastKnownFileType = wrapper.framework; name = CoreLocation.framework; path = System/Library/Frameworks/CoreLocation.framework; sourceTree = SDKROOT; };
		D9B9779E1AB17B810032B652 /* libsqlite3.dylib */ = {isa = PBXFileReference; lastKnownFileType = "compiled.mach-o.dylib"; name = libsqlite3.dylib; path = usr/lib/libsqlite3.dylib; sourceTree = SDKROOT; };
		D9B9779F1AB17B810032B652 /* libz.dylib */ = {isa = PBXFileReference; lastKnownFileType = "compiled.mach-o.dylib"; name = libz.dylib; path = usr/lib/libz.dylib; sourceTree = SDKROOT; };
		D9B977A01AB17B810032B652 /* MobileCoreServices.framework */ = {isa = PBXFileReference; lastKnownFileType = wrapper.framework; name = MobileCoreServices.framework; path = System/Library/Frameworks/MobileCoreServices.framework; sourceTree = SDKROOT; };
		D9B977A11AB17B810032B652 /* QuartzCore.framework */ = {isa = PBXFileReference; lastKnownFileType = wrapper.framework; name = QuartzCore.framework; path = System/Library/Frameworks/QuartzCore.framework; sourceTree = SDKROOT; };
		D9B977A21AB17B810032B652 /* Security.framework */ = {isa = PBXFileReference; lastKnownFileType = wrapper.framework; name = Security.framework; path = System/Library/Frameworks/Security.framework; sourceTree = SDKROOT; };
		D9B977A31AB17B810032B652 /* StoreKit.framework */ = {isa = PBXFileReference; lastKnownFileType = wrapper.framework; name = StoreKit.framework; path = System/Library/Frameworks/StoreKit.framework; sourceTree = SDKROOT; };
		D9B977A41AB17B810032B652 /* SystemConfiguration.framework */ = {isa = PBXFileReference; lastKnownFileType = wrapper.framework; name = SystemConfiguration.framework; path = System/Library/Frameworks/SystemConfiguration.framework; sourceTree = SDKROOT; };
		D9B977D41AB17C740032B652 /* VineCache-Bridging-Header.h */ = {isa = PBXFileReference; fileEncoding = 4; lastKnownFileType = sourcecode.c.h; path = "VineCache-Bridging-Header.h"; sourceTree = "<group>"; };
/* End PBXFileReference section */

/* Begin PBXFrameworksBuildPhase section */
		D95E72F11AA978AF00DA1771 /* Frameworks */ = {
			isa = PBXFrameworksBuildPhase;
			buildActionMask = 2147483647;
			files = (
				D9759A1C1AB182B000CD2668 /* Bolts.framework in Frameworks */,
				D9B977C51AB17BE50032B652 /* AudioToolbox.framework in Frameworks */,
				D9B977C61AB17BE50032B652 /* CFNetwork.framework in Frameworks */,
				D9759A221AB1862D00CD2668 /* FBAudienceNetwork.framework in Frameworks */,
				D9B977C71AB17BE50032B652 /* CoreGraphics.framework in Frameworks */,
				D9759A1E1AB185F100CD2668 /* Parse.framework in Frameworks */,
				D9B977C81AB17BE50032B652 /* CoreLocation.framework in Frameworks */,
				D9B977C91AB17BE50032B652 /* libsqlite3.dylib in Frameworks */,
				D9B977CA1AB17BE50032B652 /* libz.dylib in Frameworks */,
				D9B977CB1AB17BE50032B652 /* MobileCoreServices.framework in Frameworks */,
				D9B977CC1AB17BE50032B652 /* QuartzCore.framework in Frameworks */,
				D9B977CD1AB17BE50032B652 /* Security.framework in Frameworks */,
				D9B977CE1AB17BE50032B652 /* StoreKit.framework in Frameworks */,
				D9B977CF1AB17BE50032B652 /* SystemConfiguration.framework in Frameworks */,
				D9759A211AB1862D00CD2668 /* FacebookSDK.framework in Frameworks */,
			);
			runOnlyForDeploymentPostprocessing = 0;
		};
		D95E73081AA978AF00DA1771 /* Frameworks */ = {
			isa = PBXFrameworksBuildPhase;
			buildActionMask = 2147483647;
			files = (
			);
			runOnlyForDeploymentPostprocessing = 0;
		};
/* End PBXFrameworksBuildPhase section */

/* Begin PBXGroup section */
		D94572EB1AAA4DAE0020403B /* Frameworks */ = {
			isa = PBXGroup;
			children = (
				D9759A1F1AB1862D00CD2668 /* FacebookSDK.framework */,
				D9759A201AB1862D00CD2668 /* FBAudienceNetwork.framework */,
				D9759A1D1AB185F100CD2668 /* Parse.framework */,
				D9759A1B1AB182B000CD2668 /* Bolts.framework */,
				D9B9779A1AB17B810032B652 /* AudioToolbox.framework */,
				D9B9779B1AB17B810032B652 /* CFNetwork.framework */,
				D9B9779C1AB17B810032B652 /* CoreGraphics.framework */,
				D9B9779D1AB17B810032B652 /* CoreLocation.framework */,
				D9B9779E1AB17B810032B652 /* libsqlite3.dylib */,
				D9B9779F1AB17B810032B652 /* libz.dylib */,
				D9B977A01AB17B810032B652 /* MobileCoreServices.framework */,
				D9B977A11AB17B810032B652 /* QuartzCore.framework */,
				D9B977A21AB17B810032B652 /* Security.framework */,
				D9B977A31AB17B810032B652 /* StoreKit.framework */,
				D9B977A41AB17B810032B652 /* SystemConfiguration.framework */,
			);
			name = Frameworks;
			sourceTree = "<group>";
		};
		D95E72EB1AA978AF00DA1771 = {
			isa = PBXGroup;
			children = (
				D95E72F61AA978AF00DA1771 /* VineCache */,
				D95E730E1AA978AF00DA1771 /* VineCacheTests */,
				D95E72F51AA978AF00DA1771 /* Products */,
			);
			sourceTree = "<group>";
		};
		D95E72F51AA978AF00DA1771 /* Products */ = {
			isa = PBXGroup;
			children = (
				D95E72F41AA978AF00DA1771 /* VineCache.app */,
				D95E730B1AA978AF00DA1771 /* VineCacheTests.xctest */,
			);
			name = Products;
			sourceTree = "<group>";
		};
		D95E72F61AA978AF00DA1771 /* VineCache */ = {
			isa = PBXGroup;
			children = (
				8404D8621AB0F83C00EEE085 /* VineCache.entitlements */,
				8404D85E1AAFBAFB00EEE085 /* Fountain.mp4 */,
				D9759A191AB181E400CD2668 /* ParseLibrary.swift */,
				D9B977D41AB17C740032B652 /* VineCache-Bridging-Header.h */,
				D94572EB1AAA4DAE0020403B /* Frameworks */,
				D95E72F91AA978AF00DA1771 /* AppDelegate.swift */,
				D95E72FB1AA978AF00DA1771 /* FirstViewController.swift */,
				D95E72FD1AA978AF00DA1771 /* SecondViewController.swift */,
				84577E5F1AB2166E00F0C2E0 /* Main.storyboard */,
				D95E73021AA978AF00DA1771 /* Images.xcassets */,
				D95E72F71AA978AF00DA1771 /* Supporting Files */,
				84577E5D1AB20ED800F0C2E0 /* TimerView.swift */,
				8404D8601AB0E45700EEE085 /* MainGameViewController.swift */,
				8404D85C1AAFAC5300EEE085 /* UploadVideoViewController.swift */,
				D94572F91AAA57D10020403B /* StartupViewController.swift */,
			);
			path = VineCache;
			sourceTree = "<group>";
		};
		D95E72F71AA978AF00DA1771 /* Supporting Files */ = {
			isa = PBXGroup;
			children = (
				D95E72FF1AA978AF00DA1771 /* Vine.storyboard */,
				D95E72F81AA978AF00DA1771 /* Info.plist */,
			);
			name = "Supporting Files";
			sourceTree = "<group>";
		};
		D95E730E1AA978AF00DA1771 /* VineCacheTests */ = {
			isa = PBXGroup;
			children = (
				D95E73111AA978AF00DA1771 /* VineCacheTests.swift */,
				D95E730F1AA978AF00DA1771 /* Supporting Files */,
			);
			path = VineCacheTests;
			sourceTree = "<group>";
		};
		D95E730F1AA978AF00DA1771 /* Supporting Files */ = {
			isa = PBXGroup;
			children = (
				D95E73101AA978AF00DA1771 /* Info.plist */,
			);
			name = "Supporting Files";
			sourceTree = "<group>";
		};
/* End PBXGroup section */

/* Begin PBXNativeTarget section */
		D95E72F31AA978AF00DA1771 /* VineCache */ = {
			isa = PBXNativeTarget;
			buildConfigurationList = D95E73151AA978AF00DA1771 /* Build configuration list for PBXNativeTarget "VineCache" */;
			buildPhases = (
				D95E72F01AA978AF00DA1771 /* Sources */,
				D95E72F11AA978AF00DA1771 /* Frameworks */,
				D95E72F21AA978AF00DA1771 /* Resources */,
			);
			buildRules = (
			);
			dependencies = (
			);
			name = VineCache;
			productName = VineCache;
			productReference = D95E72F41AA978AF00DA1771 /* VineCache.app */;
			productType = "com.apple.product-type.application";
		};
		D95E730A1AA978AF00DA1771 /* VineCacheTests */ = {
			isa = PBXNativeTarget;
			buildConfigurationList = D95E73181AA978AF00DA1771 /* Build configuration list for PBXNativeTarget "VineCacheTests" */;
			buildPhases = (
				D95E73071AA978AF00DA1771 /* Sources */,
				D95E73081AA978AF00DA1771 /* Frameworks */,
				D95E73091AA978AF00DA1771 /* Resources */,
			);
			buildRules = (
			);
			dependencies = (
				D95E730D1AA978AF00DA1771 /* PBXTargetDependency */,
			);
			name = VineCacheTests;
			productName = VineCacheTests;
			productReference = D95E730B1AA978AF00DA1771 /* VineCacheTests.xctest */;
			productType = "com.apple.product-type.bundle.unit-test";
		};
/* End PBXNativeTarget section */

/* Begin PBXProject section */
		D95E72EC1AA978AF00DA1771 /* Project object */ = {
			isa = PBXProject;
			attributes = {
				LastUpgradeCheck = 0610;
				ORGANIZATIONNAME = FuzzyGhost;
				TargetAttributes = {
					D95E72F31AA978AF00DA1771 = {
						CreatedOnToolsVersion = 6.1.1;
						DevelopmentTeam = 6U5SC36QHJ;
						SystemCapabilities = {
							com.apple.iCloud = {
								enabled = 0;
							};
						};
					};
					D95E730A1AA978AF00DA1771 = {
						CreatedOnToolsVersion = 6.1.1;
						DevelopmentTeam = 6U5SC36QHJ;
						TestTargetID = D95E72F31AA978AF00DA1771;
					};
				};
			};
			buildConfigurationList = D95E72EF1AA978AF00DA1771 /* Build configuration list for PBXProject "VineCache" */;
			compatibilityVersion = "Xcode 3.2";
			developmentRegion = English;
			hasScannedForEncodings = 0;
			knownRegions = (
				en,
				Base,
			);
			mainGroup = D95E72EB1AA978AF00DA1771;
			productRefGroup = D95E72F51AA978AF00DA1771 /* Products */;
			projectDirPath = "";
			projectRoot = "";
			targets = (
				D95E72F31AA978AF00DA1771 /* VineCache */,
				D95E730A1AA978AF00DA1771 /* VineCacheTests */,
			);
		};
/* End PBXProject section */

/* Begin PBXResourcesBuildPhase section */
		D95E72F21AA978AF00DA1771 /* Resources */ = {
			isa = PBXResourcesBuildPhase;
			buildActionMask = 2147483647;
			files = (
				8404D85F1AAFBAFB00EEE085 /* Fountain.mp4 in Resources */,
				D95E73011AA978AF00DA1771 /* Vine.storyboard in Resources */,
				D95E73031AA978AF00DA1771 /* Images.xcassets in Resources */,
				84577E601AB2166E00F0C2E0 /* Main.storyboard in Resources */,
			);
			runOnlyForDeploymentPostprocessing = 0;
		};
		D95E73091AA978AF00DA1771 /* Resources */ = {
			isa = PBXResourcesBuildPhase;
			buildActionMask = 2147483647;
			files = (
			);
			runOnlyForDeploymentPostprocessing = 0;
		};
/* End PBXResourcesBuildPhase section */

/* Begin PBXSourcesBuildPhase section */
		D95E72F01AA978AF00DA1771 /* Sources */ = {
			isa = PBXSourcesBuildPhase;
			buildActionMask = 2147483647;
			files = (
				84577E5E1AB20ED800F0C2E0 /* TimerView.swift in Sources */,
				D95E72FE1AA978AF00DA1771 /* SecondViewController.swift in Sources */,
				8404D85D1AAFAC5300EEE085 /* UploadVideoViewController.swift in Sources */,
				D9759A1A1AB181E400CD2668 /* ParseLibrary.swift in Sources */,
				D95E72FA1AA978AF00DA1771 /* AppDelegate.swift in Sources */,
				8404D8611AB0E45700EEE085 /* MainGameViewController.swift in Sources */,
				D95E72FC1AA978AF00DA1771 /* FirstViewController.swift in Sources */,
				D94572FA1AAA57D10020403B /* StartupViewController.swift in Sources */,
			);
			runOnlyForDeploymentPostprocessing = 0;
		};
		D95E73071AA978AF00DA1771 /* Sources */ = {
			isa = PBXSourcesBuildPhase;
			buildActionMask = 2147483647;
			files = (
				D95E73121AA978AF00DA1771 /* VineCacheTests.swift in Sources */,
			);
			runOnlyForDeploymentPostprocessing = 0;
		};
/* End PBXSourcesBuildPhase section */

/* Begin PBXTargetDependency section */
		D95E730D1AA978AF00DA1771 /* PBXTargetDependency */ = {
			isa = PBXTargetDependency;
			target = D95E72F31AA978AF00DA1771 /* VineCache */;
			targetProxy = D95E730C1AA978AF00DA1771 /* PBXContainerItemProxy */;
		};
/* End PBXTargetDependency section */

/* Begin PBXVariantGroup section */
		D95E72FF1AA978AF00DA1771 /* Vine.storyboard */ = {
			isa = PBXVariantGroup;
			children = (
				D95E73001AA978AF00DA1771 /* Base */,
			);
			name = Vine.storyboard;
			sourceTree = "<group>";
		};
/* End PBXVariantGroup section */

/* Begin XCBuildConfiguration section */
		D95E73131AA978AF00DA1771 /* Debug */ = {
			isa = XCBuildConfiguration;
			buildSettings = {
				ALWAYS_SEARCH_USER_PATHS = NO;
				CLANG_CXX_LANGUAGE_STANDARD = "gnu++0x";
				CLANG_CXX_LIBRARY = "libc++";
				CLANG_ENABLE_MODULES = YES;
				CLANG_ENABLE_OBJC_ARC = YES;
				CLANG_WARN_BOOL_CONVERSION = YES;
				CLANG_WARN_CONSTANT_CONVERSION = YES;
				CLANG_WARN_DIRECT_OBJC_ISA_USAGE = YES_ERROR;
				CLANG_WARN_EMPTY_BODY = YES;
				CLANG_WARN_ENUM_CONVERSION = YES;
				CLANG_WARN_INT_CONVERSION = YES;
				CLANG_WARN_OBJC_ROOT_CLASS = YES_ERROR;
				CLANG_WARN_UNREACHABLE_CODE = YES;
				CLANG_WARN__DUPLICATE_METHOD_MATCH = YES;
				"CODE_SIGN_IDENTITY[sdk=iphoneos*]" = "iPhone Developer";
				COPY_PHASE_STRIP = NO;
				ENABLE_STRICT_OBJC_MSGSEND = YES;
				GCC_C_LANGUAGE_STANDARD = gnu99;
				GCC_DYNAMIC_NO_PIC = NO;
				GCC_OPTIMIZATION_LEVEL = 0;
				GCC_PREPROCESSOR_DEFINITIONS = (
					"DEBUG=1",
					"$(inherited)",
				);
				GCC_SYMBOLS_PRIVATE_EXTERN = NO;
				GCC_WARN_64_TO_32_BIT_CONVERSION = YES;
				GCC_WARN_ABOUT_RETURN_TYPE = YES_ERROR;
				GCC_WARN_UNDECLARED_SELECTOR = YES;
				GCC_WARN_UNINITIALIZED_AUTOS = YES_AGGRESSIVE;
				GCC_WARN_UNUSED_FUNCTION = YES;
				GCC_WARN_UNUSED_VARIABLE = YES;
				IPHONEOS_DEPLOYMENT_TARGET = 8.1;
				MTL_ENABLE_DEBUG_INFO = YES;
				ONLY_ACTIVE_ARCH = YES;
				SDKROOT = iphoneos;
				SWIFT_OPTIMIZATION_LEVEL = "-Onone";
				TARGETED_DEVICE_FAMILY = "1,2";
			};
			name = Debug;
		};
		D95E73141AA978AF00DA1771 /* Release */ = {
			isa = XCBuildConfiguration;
			buildSettings = {
				ALWAYS_SEARCH_USER_PATHS = NO;
				CLANG_CXX_LANGUAGE_STANDARD = "gnu++0x";
				CLANG_CXX_LIBRARY = "libc++";
				CLANG_ENABLE_MODULES = YES;
				CLANG_ENABLE_OBJC_ARC = YES;
				CLANG_WARN_BOOL_CONVERSION = YES;
				CLANG_WARN_CONSTANT_CONVERSION = YES;
				CLANG_WARN_DIRECT_OBJC_ISA_USAGE = YES_ERROR;
				CLANG_WARN_EMPTY_BODY = YES;
				CLANG_WARN_ENUM_CONVERSION = YES;
				CLANG_WARN_INT_CONVERSION = YES;
				CLANG_WARN_OBJC_ROOT_CLASS = YES_ERROR;
				CLANG_WARN_UNREACHABLE_CODE = YES;
				CLANG_WARN__DUPLICATE_METHOD_MATCH = YES;
				"CODE_SIGN_IDENTITY[sdk=iphoneos*]" = "iPhone Developer";
				COPY_PHASE_STRIP = YES;
				ENABLE_NS_ASSERTIONS = NO;
				ENABLE_STRICT_OBJC_MSGSEND = YES;
				GCC_C_LANGUAGE_STANDARD = gnu99;
				GCC_WARN_64_TO_32_BIT_CONVERSION = YES;
				GCC_WARN_ABOUT_RETURN_TYPE = YES_ERROR;
				GCC_WARN_UNDECLARED_SELECTOR = YES;
				GCC_WARN_UNINITIALIZED_AUTOS = YES_AGGRESSIVE;
				GCC_WARN_UNUSED_FUNCTION = YES;
				GCC_WARN_UNUSED_VARIABLE = YES;
				IPHONEOS_DEPLOYMENT_TARGET = 8.1;
				MTL_ENABLE_DEBUG_INFO = NO;
				SDKROOT = iphoneos;
				TARGETED_DEVICE_FAMILY = "1,2";
				VALIDATE_PRODUCT = YES;
			};
			name = Release;
		};
		D95E73161AA978AF00DA1771 /* Debug */ = {
			isa = XCBuildConfiguration;
			buildSettings = {
				ASSETCATALOG_COMPILER_APPICON_NAME = AppIcon;
				CLANG_ENABLE_MODULES = YES;
				CODE_SIGN_IDENTITY = "iPhone Developer";
				"CODE_SIGN_IDENTITY[sdk=iphoneos*]" = "iPhone Developer";
				FRAMEWORK_SEARCH_PATHS = (
					"$(inherited)",
					"$(PROJECT_DIR)/VineCache",
					/Users/user28291/Documents/Parse/Parse/Parse,
					"$(PROJECT_DIR)/VineCache/Frameworks",
				);
				INFOPLIST_FILE = VineCache/Info.plist;
				IPHONEOS_DEPLOYMENT_TARGET = 7.1;
				LD_RUNPATH_SEARCH_PATHS = "$(inherited) @executable_path/Frameworks";
				PRODUCT_NAME = "$(TARGET_NAME)";
				SWIFT_OBJC_BRIDGING_HEADER = "VineCache/VineCache-Bridging-Header.h";
				SWIFT_OPTIMIZATION_LEVEL = "-Onone";
			};
			name = Debug;
		};
		D95E73171AA978AF00DA1771 /* Release */ = {
			isa = XCBuildConfiguration;
			buildSettings = {
				ASSETCATALOG_COMPILER_APPICON_NAME = AppIcon;
				CLANG_ENABLE_MODULES = YES;
				CODE_SIGN_IDENTITY = "iPhone Developer";
				"CODE_SIGN_IDENTITY[sdk=iphoneos*]" = "iPhone Developer";
				FRAMEWORK_SEARCH_PATHS = (
					"$(inherited)",
					"$(PROJECT_DIR)/VineCache",
					/Users/user28291/Documents/Parse/Parse/Parse,
					"$(PROJECT_DIR)/VineCache/Frameworks",
				);
				INFOPLIST_FILE = VineCache/Info.plist;
				IPHONEOS_DEPLOYMENT_TARGET = 7.1;
				LD_RUNPATH_SEARCH_PATHS = "$(inherited) @executable_path/Frameworks";
				PRODUCT_NAME = "$(TARGET_NAME)";
				SWIFT_OBJC_BRIDGING_HEADER = "VineCache/VineCache-Bridging-Header.h";
			};
			name = Release;
		};
		D95E73191AA978AF00DA1771 /* Debug */ = {
			isa = XCBuildConfiguration;
			buildSettings = {
				BUNDLE_LOADER = "$(TEST_HOST)";
				CODE_SIGN_IDENTITY = "iPhone Developer";
				"CODE_SIGN_IDENTITY[sdk=iphoneos*]" = "iPhone Developer";
				FRAMEWORK_SEARCH_PATHS = (
					"$(SDKROOT)/Developer/Library/Frameworks",
					"$(inherited)",
				);
				GCC_PREPROCESSOR_DEFINITIONS = (
					"DEBUG=1",
					"$(inherited)",
				);
				INFOPLIST_FILE = VineCacheTests/Info.plist;
				LD_RUNPATH_SEARCH_PATHS = "$(inherited) @executable_path/Frameworks @loader_path/Frameworks";
				PRODUCT_NAME = "$(TARGET_NAME)";
				PROVISIONING_PROFILE = "";
				TEST_HOST = "$(BUILT_PRODUCTS_DIR)/VineCache.app/VineCache";
			};
			name = Debug;
		};
		D95E731A1AA978AF00DA1771 /* Release */ = {
			isa = XCBuildConfiguration;
			buildSettings = {
				BUNDLE_LOADER = "$(TEST_HOST)";
				CODE_SIGN_IDENTITY = "iPhone Developer";
				"CODE_SIGN_IDENTITY[sdk=iphoneos*]" = "iPhone Developer";
				FRAMEWORK_SEARCH_PATHS = (
					"$(SDKROOT)/Developer/Library/Frameworks",
					"$(inherited)",
				);
				INFOPLIST_FILE = VineCacheTests/Info.plist;
				LD_RUNPATH_SEARCH_PATHS = "$(inherited) @executable_path/Frameworks @loader_path/Frameworks";
				PRODUCT_NAME = "$(TARGET_NAME)";
				PROVISIONING_PROFILE = "";
				TEST_HOST = "$(BUILT_PRODUCTS_DIR)/VineCache.app/VineCache";
			};
			name = Release;
		};
/* End XCBuildConfiguration section */

/* Begin XCConfigurationList section */
		D95E72EF1AA978AF00DA1771 /* Build configuration list for PBXProject "VineCache" */ = {
			isa = XCConfigurationList;
			buildConfigurations = (
				D95E73131AA978AF00DA1771 /* Debug */,
				D95E73141AA978AF00DA1771 /* Release */,
			);
			defaultConfigurationIsVisible = 0;
			defaultConfigurationName = Release;
		};
		D95E73151AA978AF00DA1771 /* Build configuration list for PBXNativeTarget "VineCache" */ = {
			isa = XCConfigurationList;
			buildConfigurations = (
				D95E73161AA978AF00DA1771 /* Debug */,
				D95E73171AA978AF00DA1771 /* Release */,
			);
			defaultConfigurationIsVisible = 0;
			defaultConfigurationName = Release;
		};
		D95E73181AA978AF00DA1771 /* Build configuration list for PBXNativeTarget "VineCacheTests" */ = {
			isa = XCConfigurationList;
			buildConfigurations = (
				D95E73191AA978AF00DA1771 /* Debug */,
				D95E731A1AA978AF00DA1771 /* Release */,
			);
			defaultConfigurationIsVisible = 0;
			defaultConfigurationName = Release;
		};
/* End XCConfigurationList section */
	};
	rootObject = D95E72EC1AA978AF00DA1771 /* Project object */;
}
